
Microsoft Visual Studio Solution File, Format Version 12.00
# Visual Studio Version 16
VisualStudioVersion = 16.0.30611.23
MinimumVisualStudioVersion = 10.0.40219.1
Project("{FAE04EC0-301F-11D3-BF4B-00C04F79EFBC}") = "Assignment7", "Assignment7\Assignment7.csproj", "{A168C60D-DAD4-43A2-A30C-9AEFE242CD33}"
EndProject
Global
	GlobalSection(SolutionConfigurationPlatforms) = preSolution
		Debug|Any CPU = Debug|Any CPU
		Release|Any CPU = Release|Any CPU
	EndGlobalSection
	GlobalSection(ProjectConfigurationPlatforms) = postSolution
		{A168C60D-DAD4-43A2-A30C-9AEFE242CD33}.Debug|Any CPU.ActiveCfg = Debug|Any CPU
		{A168C60D-DAD4-43A2-A30C-9AEFE242CD33}.Debug|Any CPU.Build.0 = Debug|Any CPU
		{A168C60D-DAD4-43A2-A30C-9AEFE242CD33}.Release|Any CPU.ActiveCfg = Release|Any CPU
		{A168C60D-DAD4-43A2-A30C-9AEFE242CD33}.Release|Any CPU.Build.0 = Release|Any CPU
	EndGlobalSection
	GlobalSection(SolutionProperties) = preSolution
		HideSolutionNode = FALSE
	EndGlobalSection
	GlobalSection(ExtensibilityGlobals) = postSolution
		SolutionGuid = {B0A1CCC3-BD24-4721-A3AB-652EEDB6980C}
	EndGlobalSection
EndGlobal
